
Microsoft Visual Studio Solution File, Format Version 12.00
Project("{2150E333-8FDC-42A3-9474-1A3956D46DE8}") = "Bootstrapper", "Bootstrapper", "{48DC5628-5DA0-4154-A255-E00D3F6B24D8}"
EndProject
Project("{FAE04EC0-301F-11D3-BF4B-00C04F79EFBC}") = "DreamWRLD.Bootstrapper", "src\Bootstrapper\DreamWRLD.Bootstrapper\DreamWRLD.Bootstrapper.csproj", "{17EA6867-D305-4DEC-8971-801AC976A7E8}"
EndProject
Project("{2150E333-8FDC-42A3-9474-1A3956D46DE8}") = "src", "src", "{E86AAA45-694F-4E09-9EFE-CB3CC225DF48}"
EndProject
Project("{2150E333-8FDC-42A3-9474-1A3956D46DE8}") = "Modules", "Modules", "{188BADBD-5C85-45CD-9D37-775775139254}"
EndProject
Project("{2150E333-8FDC-42A3-9474-1A3956D46DE8}") = "Shared", "Shared", "{AF753C36-6AD8-4FF1-9BE0-B0BB4CD887AF}"
EndProject
Project("{FAE04EC0-301F-11D3-BF4B-00C04F79EFBC}") = "DreamWRLD.Shared", "src\Shared\DreamWRLD.Shared\DreamWRLD.Shared.csproj", "{D4449912-BEE2-48AF-B583-C02386C486B6}"
EndProject
Project("{2150E333-8FDC-42A3-9474-1A3956D46DE8}") = "Freelancer", "Freelancer", "{56E1E66D-A7D6-4B5E-9217-057EE90136E7}"
EndProject
Project("{FAE04EC0-301F-11D3-BF4B-00C04F79EFBC}") = "DreamWRLD.Modules.Freelancer.Api", "src\Modules\Freelancer\DreamWRLD.Modules.Freelancer.Api\DreamWRLD.Modules.Freelancer.Api.csproj", "{C9A4EBD5-7556-47CF-B713-8AB45FCDEDD0}"
EndProject
Project("{FAE04EC0-301F-11D3-BF4B-00C04F79EFBC}") = "DreamWRLD.Modules.Freelancer.Core", "src\Modules\Freelancer\DreamWRLD.Modules.Freelancer.Core\DreamWRLD.Modules.Freelancer.Core.csproj", "{6B997AAA-B07B-4988-BF2F-373E5B765390}"
EndProject
Project("{FAE04EC0-301F-11D3-BF4B-00C04F79EFBC}") = "DreamWRLD.Modules.Freelancer.Infrastructure", "src\Modules\Freelancer\DreamWRLD.Modules.Freelancer.Infrastructure\DreamWRLD.Modules.Freelancer.Infrastructure.csproj", "{3152F76D-4D79-4F97-846E-609D672B10AD}"
EndProject
Global
	GlobalSection(SolutionConfigurationPlatforms) = preSolution
		Debug|Any CPU = Debug|Any CPU
		Release|Any CPU = Release|Any CPU
	EndGlobalSection
	GlobalSection(ProjectConfigurationPlatforms) = postSolution
		{17EA6867-D305-4DEC-8971-801AC976A7E8}.Debug|Any CPU.ActiveCfg = Debug|Any CPU
		{17EA6867-D305-4DEC-8971-801AC976A7E8}.Debug|Any CPU.Build.0 = Debug|Any CPU
		{17EA6867-D305-4DEC-8971-801AC976A7E8}.Release|Any CPU.ActiveCfg = Release|Any CPU
		{17EA6867-D305-4DEC-8971-801AC976A7E8}.Release|Any CPU.Build.0 = Release|Any CPU
		{D4449912-BEE2-48AF-B583-C02386C486B6}.Debug|Any CPU.ActiveCfg = Debug|Any CPU
		{D4449912-BEE2-48AF-B583-C02386C486B6}.Debug|Any CPU.Build.0 = Debug|Any CPU
		{D4449912-BEE2-48AF-B583-C02386C486B6}.Release|Any CPU.ActiveCfg = Release|Any CPU
		{D4449912-BEE2-48AF-B583-C02386C486B6}.Release|Any CPU.Build.0 = Release|Any CPU
		{C9A4EBD5-7556-47CF-B713-8AB45FCDEDD0}.Debug|Any CPU.ActiveCfg = Debug|Any CPU
		{C9A4EBD5-7556-47CF-B713-8AB45FCDEDD0}.Debug|Any CPU.Build.0 = Debug|Any CPU
		{C9A4EBD5-7556-47CF-B713-8AB45FCDEDD0}.Release|Any CPU.ActiveCfg = Release|Any CPU
		{C9A4EBD5-7556-47CF-B713-8AB45FCDEDD0}.Release|Any CPU.Build.0 = Release|Any CPU
		{6B997AAA-B07B-4988-BF2F-373E5B765390}.Debug|Any CPU.ActiveCfg = Debug|Any CPU
		{6B997AAA-B07B-4988-BF2F-373E5B765390}.Debug|Any CPU.Build.0 = Debug|Any CPU
		{6B997AAA-B07B-4988-BF2F-373E5B765390}.Release|Any CPU.ActiveCfg = Release|Any CPU
		{6B997AAA-B07B-4988-BF2F-373E5B765390}.Release|Any CPU.Build.0 = Release|Any CPU
		{3152F76D-4D79-4F97-846E-609D672B10AD}.Debug|Any CPU.ActiveCfg = Debug|Any CPU
		{3152F76D-4D79-4F97-846E-609D672B10AD}.Debug|Any CPU.Build.0 = Debug|Any CPU
		{3152F76D-4D79-4F97-846E-609D672B10AD}.Release|Any CPU.ActiveCfg = Release|Any CPU
		{3152F76D-4D79-4F97-846E-609D672B10AD}.Release|Any CPU.Build.0 = Release|Any CPU
	EndGlobalSection
	GlobalSection(NestedProjects) = preSolution
		{17EA6867-D305-4DEC-8971-801AC976A7E8} = {48DC5628-5DA0-4154-A255-E00D3F6B24D8}
		{48DC5628-5DA0-4154-A255-E00D3F6B24D8} = {E86AAA45-694F-4E09-9EFE-CB3CC225DF48}
		{188BADBD-5C85-45CD-9D37-775775139254} = {E86AAA45-694F-4E09-9EFE-CB3CC225DF48}
		{AF753C36-6AD8-4FF1-9BE0-B0BB4CD887AF} = {E86AAA45-694F-4E09-9EFE-CB3CC225DF48}
		{D4449912-BEE2-48AF-B583-C02386C486B6} = {AF753C36-6AD8-4FF1-9BE0-B0BB4CD887AF}
		{56E1E66D-A7D6-4B5E-9217-057EE90136E7} = {188BADBD-5C85-45CD-9D37-775775139254}
		{C9A4EBD5-7556-47CF-B713-8AB45FCDEDD0} = {56E1E66D-A7D6-4B5E-9217-057EE90136E7}
		{6B997AAA-B07B-4988-BF2F-373E5B765390} = {56E1E66D-A7D6-4B5E-9217-057EE90136E7}
		{3152F76D-4D79-4F97-846E-609D672B10AD} = {56E1E66D-A7D6-4B5E-9217-057EE90136E7}
	EndGlobalSection
EndGlobal
